
Microsoft Visual Studio Solution File, Format Version 12.00
# Visual Studio 15
VisualStudioVersion = 15.0.28010.2026
MinimumVisualStudioVersion = 10.0.40219.1
Project("{8BC9CEB8-8B4A-11D0-8D11-00A0C91BC942}") = "BlockchainInterview", "BlockchainInterview\BlockchainInterview.vcxproj", "{FA45AC6E-21D1-4E2B-B5B4-CCA728B31384}"
EndProject
Global
	GlobalSection(SolutionConfigurationPlatforms) = preSolution
		Debug|x64 = Debug|x64
		Debug|x86 = Debug|x86
		Release|x64 = Release|x64
		Release|x86 = Release|x86
	EndGlobalSection
	GlobalSection(ProjectConfigurationPlatforms) = postSolution
		{FA45AC6E-21D1-4E2B-B5B4-CCA728B31384}.Debug|x64.ActiveCfg = Debug|x64
		{FA45AC6E-21D1-4E2B-B5B4-CCA728B31384}.Debug|x64.Build.0 = Debug|x64
		{FA45AC6E-21D1-4E2B-B5B4-CCA728B31384}.Debug|x86.ActiveCfg = Debug|Win32
		{FA45AC6E-21D1-4E2B-B5B4-CCA728B31384}.Debug|x86.Build.0 = Debug|Win32
		{FA45AC6E-21D1-4E2B-B5B4-CCA728B31384}.Release|x64.ActiveCfg = Release|x64
		{FA45AC6E-21D1-4E2B-B5B4-CCA728B31384}.Release|x64.Build.0 = Release|x64
		{FA45AC6E-21D1-4E2B-B5B4-CCA728B31384}.Release|x86.ActiveCfg = Release|Win32
		{FA45AC6E-21D1-4E2B-B5B4-CCA728B31384}.Release|x86.Build.0 = Release|Win32
	EndGlobalSection
	GlobalSection(SolutionProperties) = preSolution
		HideSolutionNode = FALSE
	EndGlobalSection
	GlobalSection(ExtensibilityGlobals) = postSolution
		SolutionGuid = {172CEF11-BFF8-43FA-BCFD-32A71D6AA6A8}
	EndGlobalSection
EndGlobal
